
Microsoft Visual Studio Solution File, Format Version 12.00
# Visual Studio Version 16
VisualStudioVersion = 16.0.29920.165
MinimumVisualStudioVersion = 10.0.40219.1
Project("{FAE04EC0-301F-11D3-BF4B-00C04F79EFBC}") = "ASPNETCoreTut", "ASPNETCoreTut.csproj", "{D71141AF-2E29-4B2F-932E-4E2E3DB1F5AC}"
EndProject
Global
	GlobalSection(SolutionConfigurationPlatforms) = preSolution
		Debug|Any CPU = Debug|Any CPU
		Release|Any CPU = Release|Any CPU
	EndGlobalSection
	GlobalSection(ProjectConfigurationPlatforms) = postSolution
		{D71141AF-2E29-4B2F-932E-4E2E3DB1F5AC}.Debug|Any CPU.ActiveCfg = Debug|Any CPU
		{D71141AF-2E29-4B2F-932E-4E2E3DB1F5AC}.Debug|Any CPU.Build.0 = Debug|Any CPU
		{D71141AF-2E29-4B2F-932E-4E2E3DB1F5AC}.Release|Any CPU.ActiveCfg = Release|Any CPU
		{D71141AF-2E29-4B2F-932E-4E2E3DB1F5AC}.Release|Any CPU.Build.0 = Release|Any CPU
	EndGlobalSection
	GlobalSection(SolutionProperties) = preSolution
		HideSolutionNode = FALSE
	EndGlobalSection
	GlobalSection(ExtensibilityGlobals) = postSolution
		SolutionGuid = {9D4482F7-55BC-4686-9CAD-06EEB3B6085C}
	EndGlobalSection
EndGlobal
